
Microsoft Visual Studio Solution File, Format Version 12.00
# Visual Studio Version 16
VisualStudioVersion = 16.0.33027.164
MinimumVisualStudioVersion = 10.0.40219.1
Project("{FAE04EC0-301F-11D3-BF4B-00C04F79EFBC}") = "EShopping", "EShopping\EShopping.csproj", "{AACBC0A6-3A8C-4C54-A53C-B7A25460D826}"
EndProject
Global
	GlobalSection(SolutionConfigurationPlatforms) = preSolution
		Debug|Any CPU = Debug|Any CPU
		Release|Any CPU = Release|Any CPU
	EndGlobalSection
	GlobalSection(ProjectConfigurationPlatforms) = postSolution
		{AACBC0A6-3A8C-4C54-A53C-B7A25460D826}.Debug|Any CPU.ActiveCfg = Debug|Any CPU
		{AACBC0A6-3A8C-4C54-A53C-B7A25460D826}.Debug|Any CPU.Build.0 = Debug|Any CPU
		{AACBC0A6-3A8C-4C54-A53C-B7A25460D826}.Release|Any CPU.ActiveCfg = Release|Any CPU
		{AACBC0A6-3A8C-4C54-A53C-B7A25460D826}.Release|Any CPU.Build.0 = Release|Any CPU
	EndGlobalSection
	GlobalSection(SolutionProperties) = preSolution
		HideSolutionNode = FALSE
	EndGlobalSection
	GlobalSection(ExtensibilityGlobals) = postSolution
		SolutionGuid = {193D50FE-F21D-4650-A04D-5D9C793C2F4D}
	EndGlobalSection
EndGlobal
